// !$*UTF8*$!
{
	archiveVersion = 1;
	classes = {
	};
	objectVersion = 77;
	objects = {

/* Begin PBXBuildFile section */
		0A3DFB61F05FCB3AE7C1E004 /* OptimizationServiceProtocol.swift in Sources */ = {isa = PBXBuildFile; fileRef = 6D277DB36B7E8F1B944F3451 /* OptimizationServiceProtocol.swift */; };
		0F011908C5AF05B1F28C2C54 /* Patient.swift in Sources */ = {isa = PBXBuildFile; fileRef = CAA4BB47E437856074EB9C30 /* Patient.swift */; };
		157D8334B4234BBE9C431FBB /* MacrosBadgeView.swift in Sources */ = {isa = PBXBuildFile; fileRef = BCC80E41F7611CADE593AE9C /* MacrosBadgeView.swift */; };
		15A891BEA07B48C7357011BD /* PatientDetailViewModel.swift in Sources */ = {isa = PBXBuildFile; fileRef = 19F6CB0C92C7A95B4EE6F364 /* PatientDetailViewModel.swift */; };
		1C23FA42DD0691D508867271 /* MealRowView.swift in Sources */ = {isa = PBXBuildFile; fileRef = 03DC692955D3FADEF2727738 /* MealRowView.swift */; };
		1CE9322BEADF504D3B74C74D /* AppTheme.swift in Sources */ = {isa = PBXBuildFile; fileRef = 20AF078C9F46592C44F3E995 /* AppTheme.swift */; };
		1D5DD551CB857EADF844E4B7 /* MockOptimizationService.swift in Sources */ = {isa = PBXBuildFile; fileRef = 7EA494FA2341C4F18BC576DC /* MockOptimizationService.swift */; };
		1E9A44AAF3C27D9EE8996A1F /* DraftEditorViewModel.swift in Sources */ = {isa = PBXBuildFile; fileRef = B28BD3DB3B95E2843718541A /* DraftEditorViewModel.swift */; };
		2205C41722DD87A2DDD6F961 /* ConsultationRecord.swift in Sources */ = {isa = PBXBuildFile; fileRef = C9A1937A35E33A684ACBC009 /* ConsultationRecord.swift */; };
		275D3E6F45E6AA2CCC341E5A /* LabResultsView.swift in Sources */ = {isa = PBXBuildFile; fileRef = BA8ED11744A68B7C9E63BB0D /* LabResultsView.swift */; };
		2C961B97CB0CD5F9610A89FF /* Assets.xcassets in Resources */ = {isa = PBXBuildFile; fileRef = 022B118448A5F21AFC5077C0 /* Assets.xcassets */; };
		2D65A6400B4732F54734BC80 /* LabResult.swift in Sources */ = {isa = PBXBuildFile; fileRef = 1BC7E8621D21C017C236AFF8 /* LabResult.swift */; };
		2E0F03BD62F7A6F15DFBDBEB /* Professional.swift in Sources */ = {isa = PBXBuildFile; fileRef = EAD05BBD34816D3804AE5744 /* Professional.swift */; };
		2E5F4677F68B19F7E36940EA /* LabDocumentImporter.swift in Sources */ = {isa = PBXBuildFile; fileRef = 649CFA81259633F037E6C993 /* LabDocumentImporter.swift */; };
		2F2F44C6C7FC1D2EECBEE1BC /* ProcessingStateView.swift in Sources */ = {isa = PBXBuildFile; fileRef = CDE9CF0B40A4774FE7067CEB /* ProcessingStateView.swift */; };
		30C8E792384EC191F9F74CB4 /* EngineDebugView.swift in Sources */ = {isa = PBXBuildFile; fileRef = F9D01D78B1011809E1254AED /* EngineDebugView.swift */; };
		3C33865974D22BB1D0054909 /* OptimizationDashboardViewModel.swift in Sources */ = {isa = PBXBuildFile; fileRef = B4EBE73E75F60D3660C9B090 /* OptimizationDashboardViewModel.swift */; };
		3D1C4969F1CA9331E8CD60C4 /* PDFExportServiceTests.swift in Sources */ = {isa = PBXBuildFile; fileRef = 700FC5CCBDFC2753E3918C72 /* PDFExportServiceTests.swift */; };
		481A34FA465DC9485CD77210 /* HapticManager.swift in Sources */ = {isa = PBXBuildFile; fileRef = F451710617661483F01FCB1D /* HapticManager.swift */; };
		4E20C2070C82038322B4B2E1 /* NutriOptimizeApp.swift in Sources */ = {isa = PBXBuildFile; fileRef = 9A5EAFD18A2DD3C5B553FEA1 /* NutriOptimizeApp.swift */; };
		51CA68743A48EDC975CD44C0 /* ContextualAssistantView.swift in Sources */ = {isa = PBXBuildFile; fileRef = A89A1F7B5A34790C6690682B /* ContextualAssistantView.swift */; };
		531A6CBA935317464518A9ED /* RecommendationFeedback.swift in Sources */ = {isa = PBXBuildFile; fileRef = 172D70373B23569489771F48 /* RecommendationFeedback.swift */; };
		539A3B29EC128A889CE1B7C9 /* PatientModelTests.swift in Sources */ = {isa = PBXBuildFile; fileRef = C18DF59E31E548887D5A44E5 /* PatientModelTests.swift */; };
		66C6B09AAF63E2DAF7A56974 /* PlanOptimizationDraftTests.swift in Sources */ = {isa = PBXBuildFile; fileRef = E49E678EA85E2C5F7BB598A0 /* PlanOptimizationDraftTests.swift */; };
		689E143AF02EFA42E02247E3 /* AddEditPatientView.swift in Sources */ = {isa = PBXBuildFile; fileRef = D1231C5478F1C5A536B68B7E /* AddEditPatientView.swift */; };
		71A1A5C9C5FD0E72CB3954B8 /* DraftEditorView.swift in Sources */ = {isa = PBXBuildFile; fileRef = C3637EA2BBE27AD5D6E51E49 /* DraftEditorView.swift */; };
		751D8E2A3DDE1DC566582478 /* PatientHistoryView.swift in Sources */ = {isa = PBXBuildFile; fileRef = D35ADCCDCEA052BC480919C8 /* PatientHistoryView.swift */; };
		854B5B9DA46CDBF1F5EBF15B /* PatientStore.swift in Sources */ = {isa = PBXBuildFile; fileRef = 9453CFCD8278C1055E08641C /* PatientStore.swift */; };
		85BBA955F459B0DD7F2E7B27 /* MockPatientService.swift in Sources */ = {isa = PBXBuildFile; fileRef = 10C3E6C263E175CE0DF2105A /* MockPatientService.swift */; };
		8FBF37AE3693B7D9BA454339 /* OpenRouterService.swift in Sources */ = {isa = PBXBuildFile; fileRef = 3BF04591979765FA09569224 /* OpenRouterService.swift */; };
		99617DCB15E810A556AC5D42 /* OptimizationDashboardView.swift in Sources */ = {isa = PBXBuildFile; fileRef = 88B7A5DE9153D162E4C9F660 /* OptimizationDashboardView.swift */; };
		9A657349A4DB539B06AF3754 /* Meal.swift in Sources */ = {isa = PBXBuildFile; fileRef = F985C8464519385895968E3A /* Meal.swift */; };
		9C25989DFB3A03333B113A94 /* ServiceError.swift in Sources */ = {isa = PBXBuildFile; fileRef = 11D9CEE7389210D658925059 /* ServiceError.swift */; };
		9E79099F4B88E636151FAEEA /* LabImportView.swift in Sources */ = {isa = PBXBuildFile; fileRef = EB947747B0F286CFA3EFFA63 /* LabImportView.swift */; };
		A4E40217FC852A0573DA92F6 /* SettingsView.swift in Sources */ = {isa = PBXBuildFile; fileRef = 58A160F7AC6B1874D10CAB11 /* SettingsView.swift */; };
		AA11AA11AA11AA11AA11AA11 /* SplashView.swift in Sources */ = {isa = PBXBuildFile; fileRef = BB11BB11BB11BB11BB11BB11 /* SplashView.swift */; };
		AA22AA22AA22AA22AA22AA22 /* OnboardingView.swift in Sources */ = {isa = PBXBuildFile; fileRef = BB22BB22BB22BB22BB22BB22 /* OnboardingView.swift */; };
		AA33AA33AA33AA33AA33AA33 /* RootCoordinatorView.swift in Sources */ = {isa = PBXBuildFile; fileRef = BB33BB33BB33BB33BB33BB33 /* RootCoordinatorView.swift */; };
		AB03933A49067121DC0DA908 /* PhotoCaptureView.swift in Sources */ = {isa = PBXBuildFile; fileRef = B517142B259D4380961C3187 /* PhotoCaptureView.swift */; };
		B11459B31DE6A740B243C606 /* PatientFeedbackView.swift in Sources */ = {isa = PBXBuildFile; fileRef = 44EB19445E0FB65A1711B164 /* PatientFeedbackView.swift */; };
		B5687A768B1564BE4CE863F3 /* MealModelTests.swift in Sources */ = {isa = PBXBuildFile; fileRef = BB017B6521E05B5DA3E21CA8 /* MealModelTests.swift */; };
		B5C5CE988D9B9D5906CA1095 /* EditMealSheet.swift in Sources */ = {isa = PBXBuildFile; fileRef = 8C215AC29F093FD14CA5FDEB /* EditMealSheet.swift */; };
		BB9DE6568D603F19CE54B786 /* DemoDataSeeder.swift in Sources */ = {isa = PBXBuildFile; fileRef = E671E544EEE04FE9905BD6D7 /* DemoDataSeeder.swift */; };
		BFF9B9E2C6B629AB4D290B87 /* PatientDetailView.swift in Sources */ = {isa = PBXBuildFile; fileRef = 41E8E3306F12044ABE944871 /* PatientDetailView.swift */; };
		C964626AED5D78B760CD5411 /* PDFExportService.swift in Sources */ = {isa = PBXBuildFile; fileRef = 25E1EC3E1A5476DC1164D66E /* PDFExportService.swift */; };
		CB88814A6493E81E89513061 /* PatientServiceProtocol.swift in Sources */ = {isa = PBXBuildFile; fileRef = 5C4845A9ECB57442F50A1090 /* PatientServiceProtocol.swift */; };
		D99623D84CB15E084E8A2EBB /* ProgressPhotoView.swift in Sources */ = {isa = PBXBuildFile; fileRef = D8BC5F57DA41D8FD2C878361 /* ProgressPhotoView.swift */; };
		E133DD87E1D8301F87DDBBE5 /* MockOptimizationServiceTests.swift in Sources */ = {isa = PBXBuildFile; fileRef = 843243006D1EF831099409A7 /* MockOptimizationServiceTests.swift */; };
		ED95B46530C90165BAF1B78A /* HelpView.swift in Sources */ = {isa = PBXBuildFile; fileRef = A7A037368547843AFCD0DE49 /* HelpView.swift */; };
		F8B2D77162E99FB6A6C8BD97 /* PlanOptimizationDraft.swift in Sources */ = {isa = PBXBuildFile; fileRef = 2303941614F220B6DFC7B984 /* PlanOptimizationDraft.swift */; };
		FF6EF92759C3352F3ED3CFF5 /* OpenRouterServiceTests.swift in Sources */ = {isa = PBXBuildFile; fileRef = 06EBD263E3DE8826A37EA9C3 /* OpenRouterServiceTests.swift */; };
/* End PBXBuildFile section */

/* Begin PBXContainerItemProxy section */
		9ADA67C992B25C2650C5B7CA /* PBXContainerItemProxy */ = {
			isa = PBXContainerItemProxy;
			containerPortal = 3A39577DB88105311DE37F31 /* Project object */;
			proxyType = 1;
			remoteGlobalIDString = 24E0CE2B721F416A732D15F9;
			remoteInfo = NutriOptimize;
		};
/* End PBXContainerItemProxy section */

/* Begin PBXFileReference section */
		022B118448A5F21AFC5077C0 /* Assets.xcassets */ = {isa = PBXFileReference; lastKnownFileType = folder.assetcatalog; path = Assets.xcassets; sourceTree = "<group>"; };
		03DC692955D3FADEF2727738 /* MealRowView.swift */ = {isa = PBXFileReference; lastKnownFileType = sourcecode.swift; path = MealRowView.swift; sourceTree = "<group>"; };
		06EBD263E3DE8826A37EA9C3 /* OpenRouterServiceTests.swift */ = {isa = PBXFileReference; lastKnownFileType = sourcecode.swift; path = OpenRouterServiceTests.swift; sourceTree = "<group>"; };
		0AB01C5E5B5CF78627321880 /* NutriOptimizeTests.xctest */ = {isa = PBXFileReference; includeInIndex = 0; lastKnownFileType = wrapper.cfbundle; path = NutriOptimizeTests.xctest; sourceTree = BUILT_PRODUCTS_DIR; };
		10C3E6C263E175CE0DF2105A /* MockPatientService.swift */ = {isa = PBXFileReference; lastKnownFileType = sourcecode.swift; path = MockPatientService.swift; sourceTree = "<group>"; };
		11D9CEE7389210D658925059 /* ServiceError.swift */ = {isa = PBXFileReference; lastKnownFileType = sourcecode.swift; path = ServiceError.swift; sourceTree = "<group>"; };
		172D70373B23569489771F48 /* RecommendationFeedback.swift */ = {isa = PBXFileReference; lastKnownFileType = sourcecode.swift; path = RecommendationFeedback.swift; sourceTree = "<group>"; };
		19F6CB0C92C7A95B4EE6F364 /* PatientDetailViewModel.swift */ = {isa = PBXFileReference; lastKnownFileType = sourcecode.swift; path = PatientDetailViewModel.swift; sourceTree = "<group>"; };
		1BC7E8621D21C017C236AFF8 /* LabResult.swift */ = {isa = PBXFileReference; lastKnownFileType = sourcecode.swift; path = LabResult.swift; sourceTree = "<group>"; };
		20AF078C9F46592C44F3E995 /* AppTheme.swift */ = {isa = PBXFileReference; lastKnownFileType = sourcecode.swift; path = AppTheme.swift; sourceTree = "<group>"; };
		2303941614F220B6DFC7B984 /* PlanOptimizationDraft.swift */ = {isa = PBXFileReference; lastKnownFileType = sourcecode.swift; path = PlanOptimizationDraft.swift; sourceTree = "<group>"; };
		25E1EC3E1A5476DC1164D66E /* PDFExportService.swift */ = {isa = PBXFileReference; lastKnownFileType = sourcecode.swift; path = PDFExportService.swift; sourceTree = "<group>"; };
		3BF04591979765FA09569224 /* OpenRouterService.swift */ = {isa = PBXFileReference; lastKnownFileType = sourcecode.swift; path = OpenRouterService.swift; sourceTree = "<group>"; };
		41E8E3306F12044ABE944871 /* PatientDetailView.swift */ = {isa = PBXFileReference; lastKnownFileType = sourcecode.swift; path = PatientDetailView.swift; sourceTree = "<group>"; };
		44EB19445E0FB65A1711B164 /* PatientFeedbackView.swift */ = {isa = PBXFileReference; lastKnownFileType = sourcecode.swift; path = PatientFeedbackView.swift; sourceTree = "<group>"; };
		4DE69CBE8B3BAAE73476AE51 /* NutriOptimize.app */ = {isa = PBXFileReference; explicitFileType = wrapper.application; includeInIndex = 0; path = NutriOptimize.app; sourceTree = BUILT_PRODUCTS_DIR; };
		58A160F7AC6B1874D10CAB11 /* SettingsView.swift */ = {isa = PBXFileReference; lastKnownFileType = sourcecode.swift; path = SettingsView.swift; sourceTree = "<group>"; };
		5C4845A9ECB57442F50A1090 /* PatientServiceProtocol.swift */ = {isa = PBXFileReference; lastKnownFileType = sourcecode.swift; path = PatientServiceProtocol.swift; sourceTree = "<group>"; };
		649CFA81259633F037E6C993 /* LabDocumentImporter.swift */ = {isa = PBXFileReference; lastKnownFileType = sourcecode.swift; path = LabDocumentImporter.swift; sourceTree = "<group>"; };
		6D277DB36B7E8F1B944F3451 /* OptimizationServiceProtocol.swift */ = {isa = PBXFileReference; lastKnownFileType = sourcecode.swift; path = OptimizationServiceProtocol.swift; sourceTree = "<group>"; };
		700FC5CCBDFC2753E3918C72 /* PDFExportServiceTests.swift */ = {isa = PBXFileReference; lastKnownFileType = sourcecode.swift; path = PDFExportServiceTests.swift; sourceTree = "<group>"; };
		7EA494FA2341C4F18BC576DC /* MockOptimizationService.swift */ = {isa = PBXFileReference; lastKnownFileType = sourcecode.swift; path = MockOptimizationService.swift; sourceTree = "<group>"; };
		843243006D1EF831099409A7 /* MockOptimizationServiceTests.swift */ = {isa = PBXFileReference; lastKnownFileType = sourcecode.swift; path = MockOptimizationServiceTests.swift; sourceTree = "<group>"; };
		88B7A5DE9153D162E4C9F660 /* OptimizationDashboardView.swift */ = {isa = PBXFileReference; lastKnownFileType = sourcecode.swift; path = OptimizationDashboardView.swift; sourceTree = "<group>"; };
		8C215AC29F093FD14CA5FDEB /* EditMealSheet.swift */ = {isa = PBXFileReference; lastKnownFileType = sourcecode.swift; path = EditMealSheet.swift; sourceTree = "<group>"; };
		9453CFCD8278C1055E08641C /* PatientStore.swift */ = {isa = PBXFileReference; lastKnownFileType = sourcecode.swift; path = PatientStore.swift; sourceTree = "<group>"; };
		9A5EAFD18A2DD3C5B553FEA1 /* NutriOptimizeApp.swift */ = {isa = PBXFileReference; lastKnownFileType = sourcecode.swift; path = NutriOptimizeApp.swift; sourceTree = "<group>"; };
		A7A037368547843AFCD0DE49 /* HelpView.swift */ = {isa = PBXFileReference; lastKnownFileType = sourcecode.swift; path = HelpView.swift; sourceTree = "<group>"; };
		A89A1F7B5A34790C6690682B /* ContextualAssistantView.swift */ = {isa = PBXFileReference; lastKnownFileType = sourcecode.swift; path = ContextualAssistantView.swift; sourceTree = "<group>"; };
		B28BD3DB3B95E2843718541A /* DraftEditorViewModel.swift */ = {isa = PBXFileReference; lastKnownFileType = sourcecode.swift; path = DraftEditorViewModel.swift; sourceTree = "<group>"; };
		B4EBE73E75F60D3660C9B090 /* OptimizationDashboardViewModel.swift */ = {isa = PBXFileReference; lastKnownFileType = sourcecode.swift; path = OptimizationDashboardViewModel.swift; sourceTree = "<group>"; };
		B517142B259D4380961C3187 /* PhotoCaptureView.swift */ = {isa = PBXFileReference; lastKnownFileType = sourcecode.swift; path = PhotoCaptureView.swift; sourceTree = "<group>"; };
		BA8ED11744A68B7C9E63BB0D /* LabResultsView.swift */ = {isa = PBXFileReference; lastKnownFileType = sourcecode.swift; path = LabResultsView.swift; sourceTree = "<group>"; };
		BB017B6521E05B5DA3E21CA8 /* MealModelTests.swift */ = {isa = PBXFileReference; lastKnownFileType = sourcecode.swift; path = MealModelTests.swift; sourceTree = "<group>"; };
		BB11BB11BB11BB11BB11BB11 /* SplashView.swift */ = {isa = PBXFileReference; lastKnownFileType = sourcecode.swift; path = SplashView.swift; sourceTree = "<group>"; };
		BB22BB22BB22BB22BB22BB22 /* OnboardingView.swift */ = {isa = PBXFileReference; lastKnownFileType = sourcecode.swift; path = OnboardingView.swift; sourceTree = "<group>"; };
		BB33BB33BB33BB33BB33BB33 /* RootCoordinatorView.swift */ = {isa = PBXFileReference; lastKnownFileType = sourcecode.swift; path = RootCoordinatorView.swift; sourceTree = "<group>"; };
		BCC80E41F7611CADE593AE9C /* MacrosBadgeView.swift */ = {isa = PBXFileReference; lastKnownFileType = sourcecode.swift; path = MacrosBadgeView.swift; sourceTree = "<group>"; };
		C18DF59E31E548887D5A44E5 /* PatientModelTests.swift */ = {isa = PBXFileReference; lastKnownFileType = sourcecode.swift; path = PatientModelTests.swift; sourceTree = "<group>"; };
		C3637EA2BBE27AD5D6E51E49 /* DraftEditorView.swift */ = {isa = PBXFileReference; lastKnownFileType = sourcecode.swift; path = DraftEditorView.swift; sourceTree = "<group>"; };
		C9A1937A35E33A684ACBC009 /* ConsultationRecord.swift */ = {isa = PBXFileReference; lastKnownFileType = sourcecode.swift; path = ConsultationRecord.swift; sourceTree = "<group>"; };
		CAA4BB47E437856074EB9C30 /* Patient.swift */ = {isa = PBXFileReference; lastKnownFileType = sourcecode.swift; path = Patient.swift; sourceTree = "<group>"; };
		CDE9CF0B40A4774FE7067CEB /* ProcessingStateView.swift */ = {isa = PBXFileReference; lastKnownFileType = sourcecode.swift; path = ProcessingStateView.swift; sourceTree = "<group>"; };
		D1231C5478F1C5A536B68B7E /* AddEditPatientView.swift */ = {isa = PBXFileReference; lastKnownFileType = sourcecode.swift; path = AddEditPatientView.swift; sourceTree = "<group>"; };
		D35ADCCDCEA052BC480919C8 /* PatientHistoryView.swift */ = {isa = PBXFileReference; lastKnownFileType = sourcecode.swift; path = PatientHistoryView.swift; sourceTree = "<group>"; };
		D8BC5F57DA41D8FD2C878361 /* ProgressPhotoView.swift */ = {isa = PBXFileReference; lastKnownFileType = sourcecode.swift; path = ProgressPhotoView.swift; sourceTree = "<group>"; };
		E49E678EA85E2C5F7BB598A0 /* PlanOptimizationDraftTests.swift */ = {isa = PBXFileReference; lastKnownFileType = sourcecode.swift; path = PlanOptimizationDraftTests.swift; sourceTree = "<group>"; };
		E671E544EEE04FE9905BD6D7 /* DemoDataSeeder.swift */ = {isa = PBXFileReference; lastKnownFileType = sourcecode.swift; path = DemoDataSeeder.swift; sourceTree = "<group>"; };
		EAD05BBD34816D3804AE5744 /* Professional.swift */ = {isa = PBXFileReference; lastKnownFileType = sourcecode.swift; path = Professional.swift; sourceTree = "<group>"; };
		EB947747B0F286CFA3EFFA63 /* LabImportView.swift */ = {isa = PBXFileReference; lastKnownFileType = sourcecode.swift; path = LabImportView.swift; sourceTree = "<group>"; };
		F451710617661483F01FCB1D /* HapticManager.swift */ = {isa = PBXFileReference; lastKnownFileType = sourcecode.swift; path = HapticManager.swift; sourceTree = "<group>"; };
		F985C8464519385895968E3A /* Meal.swift */ = {isa = PBXFileReference; lastKnownFileType = sourcecode.swift; path = Meal.swift; sourceTree = "<group>"; };
		F9D01D78B1011809E1254AED /* EngineDebugView.swift */ = {isa = PBXFileReference; lastKnownFileType = sourcecode.swift; path = EngineDebugView.swift; sourceTree = "<group>"; };
/* End PBXFileReference section */

/* Begin PBXGroup section */
		1D78746E69FD4286A0F9ABE2 /* NutriOptimize */ = {
			isa = PBXGroup;
			children = (
				022B118448A5F21AFC5077C0 /* Assets.xcassets */,
				9A5EAFD18A2DD3C5B553FEA1 /* NutriOptimizeApp.swift */,
				EC2C1408379E428186FBDAFA /* Models */,
				C974A439EEF0B89CA79F8443 /* Services */,
				FD0B9660BF2F1177133529CF /* Theme */,
				4EA6351799C035A40DE4584E /* ViewModels */,
				5CBB842EE730D63694199A2A /* Views */,
			);
			path = NutriOptimize;
			sourceTree = "<group>";
		};
		3C532F3FB8568F91430CD763 /* Components */ = {
			isa = PBXGroup;
			children = (
				A89A1F7B5A34790C6690682B /* ContextualAssistantView.swift */,
				8C215AC29F093FD14CA5FDEB /* EditMealSheet.swift */,
				BCC80E41F7611CADE593AE9C /* MacrosBadgeView.swift */,
				03DC692955D3FADEF2727738 /* MealRowView.swift */,
			);
			path = Components;
			sourceTree = "<group>";
		};
		4EA6351799C035A40DE4584E /* ViewModels */ = {
			isa = PBXGroup;
			children = (
				B28BD3DB3B95E2843718541A /* DraftEditorViewModel.swift */,
				B4EBE73E75F60D3660C9B090 /* OptimizationDashboardViewModel.swift */,
				19F6CB0C92C7A95B4EE6F364 /* PatientDetailViewModel.swift */,
			);
			path = ViewModels;
			sourceTree = "<group>";
		};
		5C837A44B760722D6385EA47 /* Help */ = {
			isa = PBXGroup;
			children = (
				A7A037368547843AFCD0DE49 /* HelpView.swift */,
			);
			path = Help;
			sourceTree = "<group>";
		};
		5CBB842EE730D63694199A2A /* Views */ = {
			isa = PBXGroup;
			children = (
				BB33BB33BB33BB33BB33BB33 /* RootCoordinatorView.swift */,
				3C532F3FB8568F91430CD763 /* Components */,
				BA1A5E64EE02EE83129B019B /* Dashboard */,
				B66DBFE9014E986775AC4273 /* Draft */,
				5C837A44B760722D6385EA47 /* Help */,
				CC22CC22CC22CC22CC22CC22 /* Onboarding */,
				E387845BE1839156C427FAB0 /* Patient */,
				84F39FAA74197594866415B3 /* Settings */,
				CC11CC11CC11CC11CC11CC11 /* Splash */,
			);
			path = Views;
			sourceTree = "<group>";
		};
		73980FDB39C23EA59BEAB5FE /* Protocols */ = {
			isa = PBXGroup;
			children = (
				6D277DB36B7E8F1B944F3451 /* OptimizationServiceProtocol.swift */,
				5C4845A9ECB57442F50A1090 /* PatientServiceProtocol.swift */,
			);
			path = Protocols;
			sourceTree = "<group>";
		};
		73CBC403E4820BAF21318DCF /* Mock */ = {
			isa = PBXGroup;
			children = (
				7EA494FA2341C4F18BC576DC /* MockOptimizationService.swift */,
				10C3E6C263E175CE0DF2105A /* MockPatientService.swift */,
			);
			path = Mock;
			sourceTree = "<group>";
		};
		84F39FAA74197594866415B3 /* Settings */ = {
			isa = PBXGroup;
			children = (
				58A160F7AC6B1874D10CAB11 /* SettingsView.swift */,
			);
			path = Settings;
			sourceTree = "<group>";
		};
		A222BDAAA24CA6FA8BE5A41C = {
			isa = PBXGroup;
			children = (
				1D78746E69FD4286A0F9ABE2 /* NutriOptimize */,
				F628F2E821B1E923253B40C1 /* NutriOptimizeTests */,
				D88D98D12E6DD25B9BF3DC42 /* Products */,
			);
			sourceTree = "<group>";
		};
		B66DBFE9014E986775AC4273 /* Draft */ = {
			isa = PBXGroup;
			children = (
				C3637EA2BBE27AD5D6E51E49 /* DraftEditorView.swift */,
				F9D01D78B1011809E1254AED /* EngineDebugView.swift */,
				CDE9CF0B40A4774FE7067CEB /* ProcessingStateView.swift */,
			);
			path = Draft;
			sourceTree = "<group>";
		};
		BA1A5E64EE02EE83129B019B /* Dashboard */ = {
			isa = PBXGroup;
			children = (
				88B7A5DE9153D162E4C9F660 /* OptimizationDashboardView.swift */,
			);
			path = Dashboard;
			sourceTree = "<group>";
		};
		C974A439EEF0B89CA79F8443 /* Services */ = {
			isa = PBXGroup;
			children = (
				E671E544EEE04FE9905BD6D7 /* DemoDataSeeder.swift */,
				649CFA81259633F037E6C993 /* LabDocumentImporter.swift */,
				3BF04591979765FA09569224 /* OpenRouterService.swift */,
				9453CFCD8278C1055E08641C /* PatientStore.swift */,
				25E1EC3E1A5476DC1164D66E /* PDFExportService.swift */,
				73CBC403E4820BAF21318DCF /* Mock */,
				73980FDB39C23EA59BEAB5FE /* Protocols */,
			);
			path = Services;
			sourceTree = "<group>";
		};
		CC11CC11CC11CC11CC11CC11 /* Splash */ = {
			isa = PBXGroup;
			children = (
				BB11BB11BB11BB11BB11BB11 /* SplashView.swift */,
			);
			path = Splash;
			sourceTree = "<group>";
		};
		CC22CC22CC22CC22CC22CC22 /* Onboarding */ = {
			isa = PBXGroup;
			children = (
				BB22BB22BB22BB22BB22BB22 /* OnboardingView.swift */,
			);
			path = Onboarding;
			sourceTree = "<group>";
		};
		D88D98D12E6DD25B9BF3DC42 /* Products */ = {
			isa = PBXGroup;
			children = (
				4DE69CBE8B3BAAE73476AE51 /* NutriOptimize.app */,
				0AB01C5E5B5CF78627321880 /* NutriOptimizeTests.xctest */,
			);
			name = Products;
			sourceTree = "<group>";
		};
		E387845BE1839156C427FAB0 /* Patient */ = {
			isa = PBXGroup;
			children = (
				D1231C5478F1C5A536B68B7E /* AddEditPatientView.swift */,
				EB947747B0F286CFA3EFFA63 /* LabImportView.swift */,
				BA8ED11744A68B7C9E63BB0D /* LabResultsView.swift */,
				41E8E3306F12044ABE944871 /* PatientDetailView.swift */,
				44EB19445E0FB65A1711B164 /* PatientFeedbackView.swift */,
				D35ADCCDCEA052BC480919C8 /* PatientHistoryView.swift */,
				B517142B259D4380961C3187 /* PhotoCaptureView.swift */,
				D8BC5F57DA41D8FD2C878361 /* ProgressPhotoView.swift */,
			);
			path = Patient;
			sourceTree = "<group>";
		};
		EC2C1408379E428186FBDAFA /* Models */ = {
			isa = PBXGroup;
			children = (
				C9A1937A35E33A684ACBC009 /* ConsultationRecord.swift */,
				1BC7E8621D21C017C236AFF8 /* LabResult.swift */,
				F985C8464519385895968E3A /* Meal.swift */,
				CAA4BB47E437856074EB9C30 /* Patient.swift */,
				2303941614F220B6DFC7B984 /* PlanOptimizationDraft.swift */,
				EAD05BBD34816D3804AE5744 /* Professional.swift */,
				172D70373B23569489771F48 /* RecommendationFeedback.swift */,
				11D9CEE7389210D658925059 /* ServiceError.swift */,
			);
			path = Models;
			sourceTree = "<group>";
		};
		F628F2E821B1E923253B40C1 /* NutriOptimizeTests */ = {
			isa = PBXGroup;
			children = (
				BB017B6521E05B5DA3E21CA8 /* MealModelTests.swift */,
				843243006D1EF831099409A7 /* MockOptimizationServiceTests.swift */,
				06EBD263E3DE8826A37EA9C3 /* OpenRouterServiceTests.swift */,
				C18DF59E31E548887D5A44E5 /* PatientModelTests.swift */,
				700FC5CCBDFC2753E3918C72 /* PDFExportServiceTests.swift */,
				E49E678EA85E2C5F7BB598A0 /* PlanOptimizationDraftTests.swift */,
			);
			path = NutriOptimizeTests;
			sourceTree = "<group>";
		};
		FD0B9660BF2F1177133529CF /* Theme */ = {
			isa = PBXGroup;
			children = (
				20AF078C9F46592C44F3E995 /* AppTheme.swift */,
				F451710617661483F01FCB1D /* HapticManager.swift */,
			);
			path = Theme;
			sourceTree = "<group>";
		};
/* End PBXGroup section */

/* Begin PBXNativeTarget section */
		24E0CE2B721F416A732D15F9 /* NutriOptimize */ = {
			isa = PBXNativeTarget;
			buildConfigurationList = 628C794864F514318A966B27 /* Build configuration list for PBXNativeTarget "NutriOptimize" */;
			buildPhases = (
				31A00A98906FF2A3DB00ED31 /* Sources */,
				582DACC441C06C9C14729922 /* Resources */,
			);
			buildRules = (
			);
			dependencies = (
			);
			name = NutriOptimize;
			packageProductDependencies = (
			);
			productName = NutriOptimize;
			productReference = 4DE69CBE8B3BAAE73476AE51 /* NutriOptimize.app */;
			productType = "com.apple.product-type.application";
		};
		6E4FED4ACFD5FF3A7D9EC559 /* NutriOptimizeTests */ = {
			isa = PBXNativeTarget;
			buildConfigurationList = 7A8801722F13D86453C49873 /* Build configuration list for PBXNativeTarget "NutriOptimizeTests" */;
			buildPhases = (
				A1667EF3873C94903588637C /* Sources */,
			);
			buildRules = (
			);
			dependencies = (
				B0A35C8BF5D999FF3BFF9E56 /* PBXTargetDependency */,
			);
			name = NutriOptimizeTests;
			packageProductDependencies = (
			);
			productName = NutriOptimizeTests;
			productReference = 0AB01C5E5B5CF78627321880 /* NutriOptimizeTests.xctest */;
			productType = "com.apple.product-type.bundle.unit-test";
		};
/* End PBXNativeTarget section */

/* Begin PBXProject section */
		3A39577DB88105311DE37F31 /* Project object */ = {
			isa = PBXProject;
			attributes = {
				BuildIndependentTargetsInParallel = YES;
				LastUpgradeCheck = 1600;
			};
			buildConfigurationList = 54D952A391FCA35E40A60ADF /* Build configuration list for PBXProject "NutriOptimize" */;
			developmentRegion = en;
			hasScannedForEncodings = 0;
			knownRegions = (
				Base,
				en,
			);
			mainGroup = A222BDAAA24CA6FA8BE5A41C;
			minimizedProjectReferenceProxies = 1;
			preferredProjectObjectVersion = 77;
			productRefGroup = D88D98D12E6DD25B9BF3DC42 /* Products */;
			projectDirPath = "";
			projectRoot = "";
			targets = (
				24E0CE2B721F416A732D15F9 /* NutriOptimize */,
				6E4FED4ACFD5FF3A7D9EC559 /* NutriOptimizeTests */,
			);
		};
/* End PBXProject section */

/* Begin PBXResourcesBuildPhase section */
		582DACC441C06C9C14729922 /* Resources */ = {
			isa = PBXResourcesBuildPhase;
			buildActionMask = 2147483647;
			files = (
				2C961B97CB0CD5F9610A89FF /* Assets.xcassets in Resources */,
			);
			runOnlyForDeploymentPostprocessing = 0;
		};
/* End PBXResourcesBuildPhase section */

/* Begin PBXSourcesBuildPhase section */
		31A00A98906FF2A3DB00ED31 /* Sources */ = {
			isa = PBXSourcesBuildPhase;
			buildActionMask = 2147483647;
			files = (
				689E143AF02EFA42E02247E3 /* AddEditPatientView.swift in Sources */,
				1CE9322BEADF504D3B74C74D /* AppTheme.swift in Sources */,
				2205C41722DD87A2DDD6F961 /* ConsultationRecord.swift in Sources */,
				51CA68743A48EDC975CD44C0 /* ContextualAssistantView.swift in Sources */,
				BB9DE6568D603F19CE54B786 /* DemoDataSeeder.swift in Sources */,
				71A1A5C9C5FD0E72CB3954B8 /* DraftEditorView.swift in Sources */,
				1E9A44AAF3C27D9EE8996A1F /* DraftEditorViewModel.swift in Sources */,
				B5C5CE988D9B9D5906CA1095 /* EditMealSheet.swift in Sources */,
				30C8E792384EC191F9F74CB4 /* EngineDebugView.swift in Sources */,
				481A34FA465DC9485CD77210 /* HapticManager.swift in Sources */,
				ED95B46530C90165BAF1B78A /* HelpView.swift in Sources */,
				2E5F4677F68B19F7E36940EA /* LabDocumentImporter.swift in Sources */,
				9E79099F4B88E636151FAEEA /* LabImportView.swift in Sources */,
				2D65A6400B4732F54734BC80 /* LabResult.swift in Sources */,
				275D3E6F45E6AA2CCC341E5A /* LabResultsView.swift in Sources */,
				157D8334B4234BBE9C431FBB /* MacrosBadgeView.swift in Sources */,
				9A657349A4DB539B06AF3754 /* Meal.swift in Sources */,
				1C23FA42DD0691D508867271 /* MealRowView.swift in Sources */,
				1D5DD551CB857EADF844E4B7 /* MockOptimizationService.swift in Sources */,
				85BBA955F459B0DD7F2E7B27 /* MockPatientService.swift in Sources */,
				4E20C2070C82038322B4B2E1 /* NutriOptimizeApp.swift in Sources */,
				8FBF37AE3693B7D9BA454339 /* OpenRouterService.swift in Sources */,
				99617DCB15E810A556AC5D42 /* OptimizationDashboardView.swift in Sources */,
				3C33865974D22BB1D0054909 /* OptimizationDashboardViewModel.swift in Sources */,
				0A3DFB61F05FCB3AE7C1E004 /* OptimizationServiceProtocol.swift in Sources */,
				C964626AED5D78B760CD5411 /* PDFExportService.swift in Sources */,
				0F011908C5AF05B1F28C2C54 /* Patient.swift in Sources */,
				BFF9B9E2C6B629AB4D290B87 /* PatientDetailView.swift in Sources */,
				15A891BEA07B48C7357011BD /* PatientDetailViewModel.swift in Sources */,
				B11459B31DE6A740B243C606 /* PatientFeedbackView.swift in Sources */,
				751D8E2A3DDE1DC566582478 /* PatientHistoryView.swift in Sources */,
				CB88814A6493E81E89513061 /* PatientServiceProtocol.swift in Sources */,
				854B5B9DA46CDBF1F5EBF15B /* PatientStore.swift in Sources */,
				AB03933A49067121DC0DA908 /* PhotoCaptureView.swift in Sources */,
				F8B2D77162E99FB6A6C8BD97 /* PlanOptimizationDraft.swift in Sources */,
				2F2F44C6C7FC1D2EECBEE1BC /* ProcessingStateView.swift in Sources */,
				2E0F03BD62F7A6F15DFBDBEB /* Professional.swift in Sources */,
				D99623D84CB15E084E8A2EBB /* ProgressPhotoView.swift in Sources */,
				531A6CBA935317464518A9ED /* RecommendationFeedback.swift in Sources */,
				9C25989DFB3A03333B113A94 /* ServiceError.swift in Sources */,
				A4E40217FC852A0573DA92F6 /* SettingsView.swift in Sources */,
				AA11AA11AA11AA11AA11AA11 /* SplashView.swift in Sources */,
				AA22AA22AA22AA22AA22AA22 /* OnboardingView.swift in Sources */,
				AA33AA33AA33AA33AA33AA33 /* RootCoordinatorView.swift in Sources */,
			);
			runOnlyForDeploymentPostprocessing = 0;
		};
		A1667EF3873C94903588637C /* Sources */ = {
			isa = PBXSourcesBuildPhase;
			buildActionMask = 2147483647;
			files = (
				B5687A768B1564BE4CE863F3 /* MealModelTests.swift in Sources */,
				E133DD87E1D8301F87DDBBE5 /* MockOptimizationServiceTests.swift in Sources */,
				FF6EF92759C3352F3ED3CFF5 /* OpenRouterServiceTests.swift in Sources */,
				3D1C4969F1CA9331E8CD60C4 /* PDFExportServiceTests.swift in Sources */,
				539A3B29EC128A889CE1B7C9 /* PatientModelTests.swift in Sources */,
				66C6B09AAF63E2DAF7A56974 /* PlanOptimizationDraftTests.swift in Sources */,
			);
			runOnlyForDeploymentPostprocessing = 0;
		};
/* End PBXSourcesBuildPhase section */

/* Begin PBXTargetDependency section */
		B0A35C8BF5D999FF3BFF9E56 /* PBXTargetDependency */ = {
			isa = PBXTargetDependency;
			target = 24E0CE2B721F416A732D15F9 /* NutriOptimize */;
			targetProxy = 9ADA67C992B25C2650C5B7CA /* PBXContainerItemProxy */;
		};
/* End PBXTargetDependency section */

/* Begin XCBuildConfiguration section */
		298522B3429ED27938ED92FC /* Release */ = {
			isa = XCBuildConfiguration;
			buildSettings = {
				ASSETCATALOG_COMPILER_APPICON_NAME = AppIcon;
				ASSETCATALOG_COMPILER_GLOBAL_ACCENT_COLOR_NAME = AccentColor;
				CODE_SIGN_IDENTITY = "iPhone Developer";
				DEVELOPMENT_TEAM = 5YXL83H5V6;
				GENERATE_INFOPLIST_FILE = YES;
				INFOPLIST_KEY_NSCameraUsageDescription = "NutriOptimize necesita acceso a la cámara para tomar fotos de progreso del paciente.";
				INFOPLIST_KEY_NSPhotoLibraryUsageDescription = "NutriOptimize necesita acceso a la galería para seleccionar fotos de progreso del paciente.";
				INFOPLIST_KEY_UIApplicationSceneManifest_Generation = YES;
				INFOPLIST_KEY_UIApplicationSupportsIndirectInputEvents = YES;
				INFOPLIST_KEY_UILaunchScreen_Generation = YES;
				INFOPLIST_KEY_UISupportedInterfaceOrientations_iPad = "UIInterfaceOrientationPortrait UIInterfaceOrientationPortraitUpsideDown UIInterfaceOrientationLandscapeLeft UIInterfaceOrientationLandscapeRight";
				INFOPLIST_KEY_UISupportedInterfaceOrientations_iPhone = "UIInterfaceOrientationPortrait UIInterfaceOrientationLandscapeLeft UIInterfaceOrientationLandscapeRight";
				LD_RUNPATH_SEARCH_PATHS = (
					"$(inherited)",
					"@executable_path/Frameworks",
				);
				PRODUCT_BUNDLE_IDENTIFIER = com.nutrioptimize.NutriOptimize.pao;
				SDKROOT = iphoneos;
				TARGETED_DEVICE_FAMILY = "1,2";
			};
			name = Release;
		};
		5184D66770C7F3D2F69F6AD7 /* Debug */ = {
			isa = XCBuildConfiguration;
			buildSettings = {
				BUNDLE_LOADER = "$(TEST_HOST)";
				GENERATE_INFOPLIST_FILE = YES;
				LD_RUNPATH_SEARCH_PATHS = (
					"$(inherited)",
					"@executable_path/Frameworks",
					"@loader_path/Frameworks",
				);
				PRODUCT_BUNDLE_IDENTIFIER = com.nutrioptimize.NutriOptimizeTests;
				SDKROOT = iphoneos;
				TARGETED_DEVICE_FAMILY = "1,2";
				TEST_HOST = "$(BUILT_PRODUCTS_DIR)/NutriOptimize.app/NutriOptimize";
			};
			name = Debug;
		};
		9A74D7D95EFA10E1A0E9392A /* Debug */ = {
			isa = XCBuildConfiguration;
			buildSettings = {
				ASSETCATALOG_COMPILER_APPICON_NAME = AppIcon;
				ASSETCATALOG_COMPILER_GLOBAL_ACCENT_COLOR_NAME = AccentColor;
				CODE_SIGN_IDENTITY = "iPhone Developer";
				DEVELOPMENT_TEAM = 5YXL83H5V6;
				GENERATE_INFOPLIST_FILE = YES;
				INFOPLIST_KEY_NSCameraUsageDescription = "NutriOptimize necesita acceso a la cámara para tomar fotos de progreso del paciente.";
				INFOPLIST_KEY_NSPhotoLibraryUsageDescription = "NutriOptimize necesita acceso a la galería para seleccionar fotos de progreso del paciente.";
				INFOPLIST_KEY_UIApplicationSceneManifest_Generation = YES;
				INFOPLIST_KEY_UIApplicationSupportsIndirectInputEvents = YES;
				INFOPLIST_KEY_UILaunchScreen_Generation = YES;
				INFOPLIST_KEY_UISupportedInterfaceOrientations_iPad = "UIInterfaceOrientationPortrait UIInterfaceOrientationPortraitUpsideDown UIInterfaceOrientationLandscapeLeft UIInterfaceOrientationLandscapeRight";
				INFOPLIST_KEY_UISupportedInterfaceOrientations_iPhone = "UIInterfaceOrientationPortrait UIInterfaceOrientationLandscapeLeft UIInterfaceOrientationLandscapeRight";
				LD_RUNPATH_SEARCH_PATHS = (
					"$(inherited)",
					"@executable_path/Frameworks",
				);
				PRODUCT_BUNDLE_IDENTIFIER = com.nutrioptimize.NutriOptimize.pao;
				SDKROOT = iphoneos;
				TARGETED_DEVICE_FAMILY = "1,2";
			};
			name = Debug;
		};
		CAA1F61782320F5FD36EE445 /* Debug */ = {
			isa = XCBuildConfiguration;
			buildSettings = {
				ALWAYS_SEARCH_USER_PATHS = NO;
				CLANG_ANALYZER_NONNULL = YES;
				CLANG_ANALYZER_NUMBER_OBJECT_CONVERSION = YES_AGGRESSIVE;
				CLANG_CXX_LANGUAGE_STANDARD = "gnu++14";
				CLANG_CXX_LIBRARY = "libc++";
				CLANG_ENABLE_MODULES = YES;
				CLANG_ENABLE_OBJC_ARC = YES;
				CLANG_ENABLE_OBJC_WEAK = YES;
				CLANG_WARN_BLOCK_CAPTURE_AUTORELEASING = YES;
				CLANG_WARN_BOOL_CONVERSION = YES;
				CLANG_WARN_COMMA = YES;
				CLANG_WARN_CONSTANT_CONVERSION = YES;
				CLANG_WARN_DEPRECATED_OBJC_IMPLEMENTATIONS = YES;
				CLANG_WARN_DIRECT_OBJC_ISA_USAGE = YES_ERROR;
				CLANG_WARN_DOCUMENTATION_COMMENTS = YES;
				CLANG_WARN_EMPTY_BODY = YES;
				CLANG_WARN_ENUM_CONVERSION = YES;
				CLANG_WARN_INFINITE_RECURSION = YES;
				CLANG_WARN_INT_CONVERSION = YES;
				CLANG_WARN_NON_LITERAL_NULL_CONVERSION = YES;
				CLANG_WARN_OBJC_IMPLICIT_RETAIN_SELF = YES;
				CLANG_WARN_OBJC_LITERAL_CONVERSION = YES;
				CLANG_WARN_OBJC_ROOT_CLASS = YES_ERROR;
				CLANG_WARN_QUOTED_INCLUDE_IN_FRAMEWORK_HEADER = YES;
				CLANG_WARN_RANGE_LOOP_ANALYSIS = YES;
				CLANG_WARN_STRICT_PROTOTYPES = YES;
				CLANG_WARN_SUSPICIOUS_MOVE = YES;
				CLANG_WARN_UNGUARDED_AVAILABILITY = YES_AGGRESSIVE;
				CLANG_WARN_UNREACHABLE_CODE = YES;
				CLANG_WARN__DUPLICATE_METHOD_MATCH = YES;
				COPY_PHASE_STRIP = NO;
				CURRENT_PROJECT_VERSION = 1;
				DEBUG_INFORMATION_FORMAT = dwarf;
				ENABLE_STRICT_OBJC_MSGSEND = YES;
				ENABLE_TESTABILITY = YES;
				GCC_C_LANGUAGE_STANDARD = gnu11;
				GCC_DYNAMIC_NO_PIC = NO;
				GCC_NO_COMMON_BLOCKS = YES;
				GCC_OPTIMIZATION_LEVEL = 0;
				GCC_PREPROCESSOR_DEFINITIONS = (
					"$(inherited)",
					"DEBUG=1",
				);
				GCC_WARN_64_TO_32_BIT_CONVERSION = YES;
				GCC_WARN_ABOUT_RETURN_TYPE = YES_ERROR;
				GCC_WARN_UNDECLARED_SELECTOR = YES;
				GCC_WARN_UNINITIALIZED_AUTOS = YES_AGGRESSIVE;
				GCC_WARN_UNUSED_FUNCTION = YES;
				GCC_WARN_UNUSED_VARIABLE = YES;
				IPHONEOS_DEPLOYMENT_TARGET = 17.0;
				MARKETING_VERSION = 1.0.0;
				MTL_ENABLE_DEBUG_INFO = INCLUDE_SOURCE;
				MTL_FAST_MATH = YES;
				ONLY_ACTIVE_ARCH = YES;
				PRODUCT_NAME = "$(TARGET_NAME)";
				SDKROOT = iphoneos;
				SWIFT_ACTIVE_COMPILATION_CONDITIONS = DEBUG;
				SWIFT_OPTIMIZATION_LEVEL = "-Onone";
				SWIFT_VERSION = 5.9;
				TARGETED_DEVICE_FAMILY = "1,2";
			};
			name = Debug;
		};
		D5F396BFFEEA6FA131F78692 /* Release */ = {
			isa = XCBuildConfiguration;
			buildSettings = {
				ALWAYS_SEARCH_USER_PATHS = NO;
				CLANG_ANALYZER_NONNULL = YES;
				CLANG_ANALYZER_NUMBER_OBJECT_CONVERSION = YES_AGGRESSIVE;
				CLANG_CXX_LANGUAGE_STANDARD = "gnu++14";
				CLANG_CXX_LIBRARY = "libc++";
				CLANG_ENABLE_MODULES = YES;
				CLANG_ENABLE_OBJC_ARC = YES;
				CLANG_ENABLE_OBJC_WEAK = YES;
				CLANG_WARN_BLOCK_CAPTURE_AUTORELEASING = YES;
				CLANG_WARN_BOOL_CONVERSION = YES;
				CLANG_WARN_COMMA = YES;
				CLANG_WARN_CONSTANT_CONVERSION = YES;
				CLANG_WARN_DEPRECATED_OBJC_IMPLEMENTATIONS = YES;
				CLANG_WARN_DIRECT_OBJC_ISA_USAGE = YES_ERROR;
				CLANG_WARN_DOCUMENTATION_COMMENTS = YES;
				CLANG_WARN_EMPTY_BODY = YES;
				CLANG_WARN_ENUM_CONVERSION = YES;
				CLANG_WARN_INFINITE_RECURSION = YES;
				CLANG_WARN_INT_CONVERSION = YES;
				CLANG_WARN_NON_LITERAL_NULL_CONVERSION = YES;
				CLANG_WARN_OBJC_IMPLICIT_RETAIN_SELF = YES;
				CLANG_WARN_OBJC_LITERAL_CONVERSION = YES;
				CLANG_WARN_OBJC_ROOT_CLASS = YES_ERROR;
				CLANG_WARN_QUOTED_INCLUDE_IN_FRAMEWORK_HEADER = YES;
				CLANG_WARN_RANGE_LOOP_ANALYSIS = YES;
				CLANG_WARN_STRICT_PROTOTYPES = YES;
				CLANG_WARN_SUSPICIOUS_MOVE = YES;
				CLANG_WARN_UNGUARDED_AVAILABILITY = YES_AGGRESSIVE;
				CLANG_WARN_UNREACHABLE_CODE = YES;
				CLANG_WARN__DUPLICATE_METHOD_MATCH = YES;
				COPY_PHASE_STRIP = NO;
				CURRENT_PROJECT_VERSION = 1;
				DEBUG_INFORMATION_FORMAT = "dwarf-with-dsym";
				ENABLE_NS_ASSERTIONS = NO;
				ENABLE_STRICT_OBJC_MSGSEND = YES;
				GCC_C_LANGUAGE_STANDARD = gnu11;
				GCC_NO_COMMON_BLOCKS = YES;
				GCC_WARN_64_TO_32_BIT_CONVERSION = YES;
				GCC_WARN_ABOUT_RETURN_TYPE = YES_ERROR;
				GCC_WARN_UNDECLARED_SELECTOR = YES;
				GCC_WARN_UNINITIALIZED_AUTOS = YES_AGGRESSIVE;
				GCC_WARN_UNUSED_FUNCTION = YES;
				GCC_WARN_UNUSED_VARIABLE = YES;
				IPHONEOS_DEPLOYMENT_TARGET = 17.0;
				MARKETING_VERSION = 1.0.0;
				MTL_ENABLE_DEBUG_INFO = NO;
				MTL_FAST_MATH = YES;
				PRODUCT_NAME = "$(TARGET_NAME)";
				SDKROOT = iphoneos;
				SWIFT_COMPILATION_MODE = wholemodule;
				SWIFT_OPTIMIZATION_LEVEL = "-O";
				SWIFT_VERSION = 5.9;
				TARGETED_DEVICE_FAMILY = "1,2";
			};
			name = Release;
		};
		DE0C0A7C2E7FA51FC412F111 /* Release */ = {
			isa = XCBuildConfiguration;
			buildSettings = {
				BUNDLE_LOADER = "$(TEST_HOST)";
				GENERATE_INFOPLIST_FILE = YES;
				LD_RUNPATH_SEARCH_PATHS = (
					"$(inherited)",
					"@executable_path/Frameworks",
					"@loader_path/Frameworks",
				);
				PRODUCT_BUNDLE_IDENTIFIER = com.nutrioptimize.NutriOptimizeTests;
				SDKROOT = iphoneos;
				TARGETED_DEVICE_FAMILY = "1,2";
				TEST_HOST = "$(BUILT_PRODUCTS_DIR)/NutriOptimize.app/NutriOptimize";
			};
			name = Release;
		};
/* End XCBuildConfiguration section */

/* Begin XCConfigurationList section */
		54D952A391FCA35E40A60ADF /* Build configuration list for PBXProject "NutriOptimize" */ = {
			isa = XCConfigurationList;
			buildConfigurations = (
				CAA1F61782320F5FD36EE445 /* Debug */,
				D5F396BFFEEA6FA131F78692 /* Release */,
			);
			defaultConfigurationIsVisible = 0;
			defaultConfigurationName = Debug;
		};
		628C794864F514318A966B27 /* Build configuration list for PBXNativeTarget "NutriOptimize" */ = {
			isa = XCConfigurationList;
			buildConfigurations = (
				9A74D7D95EFA10E1A0E9392A /* Debug */,
				298522B3429ED27938ED92FC /* Release */,
			);
			defaultConfigurationIsVisible = 0;
			defaultConfigurationName = Debug;
		};
		7A8801722F13D86453C49873 /* Build configuration list for PBXNativeTarget "NutriOptimizeTests" */ = {
			isa = XCConfigurationList;
			buildConfigurations = (
				5184D66770C7F3D2F69F6AD7 /* Debug */,
				DE0C0A7C2E7FA51FC412F111 /* Release */,
			);
			defaultConfigurationIsVisible = 0;
			defaultConfigurationName = Debug;
		};
/* End XCConfigurationList section */
	};
	rootObject = 3A39577DB88105311DE37F31 /* Project object */;
}
